
Microsoft Visual Studio Solution File, Format Version 12.00
# Visual Studio 2013
VisualStudioVersion = 12.0.31101.0
MinimumVisualStudioVersion = 10.0.40219.1
Project("{FAE04EC0-301F-11D3-BF4B-00C04F79EFBC}") = "PeaceLifeParty", "PeaceLifeParty\PeaceLifeParty.csproj", "{E1662B78-C7E3-436C-80DD-26627E01A7FC}"
EndProject
Project("{FAE04EC0-301F-11D3-BF4B-00C04F79EFBC}") = "vEmpireSoft.PPL.Data", "vEmpireSoft.PPL.Data\vEmpireSoft.PPL.Data.csproj", "{98B56FFE-1D65-4518-AFE8-A433323D920B}"
EndProject
Project("{FAE04EC0-301F-11D3-BF4B-00C04F79EFBC}") = "vEmpireSoft.PPL.Service", "vEmpireSoft.PPL.Service\vEmpireSoft.PPL.Service.csproj", "{084D5030-F786-4EEA-8904-6F0223E64219}"
EndProject
Global
	GlobalSection(SolutionConfigurationPlatforms) = preSolution
		Debug|Any CPU = Debug|Any CPU
		Release|Any CPU = Release|Any CPU
	EndGlobalSection
	GlobalSection(ProjectConfigurationPlatforms) = postSolution
		{E1662B78-C7E3-436C-80DD-26627E01A7FC}.Debug|Any CPU.ActiveCfg = Debug|Any CPU
		{E1662B78-C7E3-436C-80DD-26627E01A7FC}.Debug|Any CPU.Build.0 = Debug|Any CPU
		{E1662B78-C7E3-436C-80DD-26627E01A7FC}.Release|Any CPU.ActiveCfg = Release|Any CPU
		{E1662B78-C7E3-436C-80DD-26627E01A7FC}.Release|Any CPU.Build.0 = Release|Any CPU
		{98B56FFE-1D65-4518-AFE8-A433323D920B}.Debug|Any CPU.ActiveCfg = Debug|Any CPU
		{98B56FFE-1D65-4518-AFE8-A433323D920B}.Debug|Any CPU.Build.0 = Debug|Any CPU
		{98B56FFE-1D65-4518-AFE8-A433323D920B}.Release|Any CPU.ActiveCfg = Release|Any CPU
		{98B56FFE-1D65-4518-AFE8-A433323D920B}.Release|Any CPU.Build.0 = Release|Any CPU
		{084D5030-F786-4EEA-8904-6F0223E64219}.Debug|Any CPU.ActiveCfg = Debug|Any CPU
		{084D5030-F786-4EEA-8904-6F0223E64219}.Debug|Any CPU.Build.0 = Debug|Any CPU
		{084D5030-F786-4EEA-8904-6F0223E64219}.Release|Any CPU.ActiveCfg = Release|Any CPU
		{084D5030-F786-4EEA-8904-6F0223E64219}.Release|Any CPU.Build.0 = Release|Any CPU
	EndGlobalSection
	GlobalSection(SolutionProperties) = preSolution
		HideSolutionNode = FALSE
	EndGlobalSection
EndGlobal
